
Microsoft Visual Studio Solution File, Format Version 12.00
# Visual Studio 15
VisualStudioVersion = 15.0.27130.2024
MinimumVisualStudioVersion = 10.0.40219.1
Project("{FAE04EC0-301F-11D3-BF4B-00C04F79EFBC}") = "Ensure.NET", "Ensure.NET\Ensure.NET.csproj", "{C793ECC4-7248-4713-AEBC-A4D6D8AE2EB8}"
EndProject
Project("{FAE04EC0-301F-11D3-BF4B-00C04F79EFBC}") = "EnsureTests", "EnsureTests\EnsureTests.csproj", "{F7CCE802-AD17-4886-88F0-D6714D8BDDFF}"
EndProject
Global
	GlobalSection(SolutionConfigurationPlatforms) = preSolution
		Debug|Any CPU = Debug|Any CPU
		Release|Any CPU = Release|Any CPU
	EndGlobalSection
	GlobalSection(ProjectConfigurationPlatforms) = postSolution
		{C793ECC4-7248-4713-AEBC-A4D6D8AE2EB8}.Debug|Any CPU.ActiveCfg = Debug|Any CPU
		{C793ECC4-7248-4713-AEBC-A4D6D8AE2EB8}.Debug|Any CPU.Build.0 = Debug|Any CPU
		{C793ECC4-7248-4713-AEBC-A4D6D8AE2EB8}.Release|Any CPU.ActiveCfg = Release|Any CPU
		{C793ECC4-7248-4713-AEBC-A4D6D8AE2EB8}.Release|Any CPU.Build.0 = Release|Any CPU
		{F7CCE802-AD17-4886-88F0-D6714D8BDDFF}.Debug|Any CPU.ActiveCfg = Debug|Any CPU
		{F7CCE802-AD17-4886-88F0-D6714D8BDDFF}.Debug|Any CPU.Build.0 = Debug|Any CPU
		{F7CCE802-AD17-4886-88F0-D6714D8BDDFF}.Release|Any CPU.ActiveCfg = Release|Any CPU
		{F7CCE802-AD17-4886-88F0-D6714D8BDDFF}.Release|Any CPU.Build.0 = Release|Any CPU
	EndGlobalSection
	GlobalSection(SolutionProperties) = preSolution
		HideSolutionNode = FALSE
	EndGlobalSection
	GlobalSection(ExtensibilityGlobals) = postSolution
		SolutionGuid = {E1EE2A9A-6901-4CD6-A55C-B565DCE4EEDE}
	EndGlobalSection
EndGlobal
